// !$*UTF8*$!
{
	archiveVersion = 1;
	classes = {
	};
	objectVersion = 50;
	objects = {

/* Begin PBXBuildFile section */
		A4D7A29C26354789008D3911 /* AppDelegate.swift in Sources */ = {isa = PBXBuildFile; fileRef = A4D7A29B26354789008D3911 /* AppDelegate.swift */; };
		A4D7A29E26354789008D3911 /* SceneDelegate.swift in Sources */ = {isa = PBXBuildFile; fileRef = A4D7A29D26354789008D3911 /* SceneDelegate.swift */; };
		A4D7A2A026354789008D3911 /* ViewController.swift in Sources */ = {isa = PBXBuildFile; fileRef = A4D7A29F26354789008D3911 /* ViewController.swift */; };
		A4D7A2A326354789008D3911 /* Main.storyboard in Resources */ = {isa = PBXBuildFile; fileRef = A4D7A2A126354789008D3911 /* Main.storyboard */; };
		A4D7A2A52635478A008D3911 /* Assets.xcassets in Resources */ = {isa = PBXBuildFile; fileRef = A4D7A2A42635478A008D3911 /* Assets.xcassets */; };
		A4D7A2A82635478A008D3911 /* LaunchScreen.storyboard in Resources */ = {isa = PBXBuildFile; fileRef = A4D7A2A62635478A008D3911 /* LaunchScreen.storyboard */; };
		A4D7A2B726354A1B008D3911 /* GDPWindowManager.swift in Sources */ = {isa = PBXBuildFile; fileRef = A4D7A2B626354A1B008D3911 /* GDPWindowManager.swift */; };
/* End PBXBuildFile section */

/* Begin PBXFileReference section */
		A4D7A29826354789008D3911 /* GDPKit-Swift.app */ = {isa = PBXFileReference; explicitFileType = wrapper.application; includeInIndex = 0; path = "GDPKit-Swift.app"; sourceTree = BUILT_PRODUCTS_DIR; };
		A4D7A29B26354789008D3911 /* AppDelegate.swift */ = {isa = PBXFileReference; lastKnownFileType = sourcecode.swift; path = AppDelegate.swift; sourceTree = "<group>"; };
		A4D7A29D26354789008D3911 /* SceneDelegate.swift */ = {isa = PBXFileReference; lastKnownFileType = sourcecode.swift; path = SceneDelegate.swift; sourceTree = "<group>"; };
		A4D7A29F26354789008D3911 /* ViewController.swift */ = {isa = PBXFileReference; lastKnownFileType = sourcecode.swift; path = ViewController.swift; sourceTree = "<group>"; };
		A4D7A2A226354789008D3911 /* Base */ = {isa = PBXFileReference; lastKnownFileType = file.storyboard; name = Base; path = Base.lproj/Main.storyboard; sourceTree = "<group>"; };
		A4D7A2A42635478A008D3911 /* Assets.xcassets */ = {isa = PBXFileReference; lastKnownFileType = folder.assetcatalog; path = Assets.xcassets; sourceTree = "<group>"; };
		A4D7A2A72635478A008D3911 /* Base */ = {isa = PBXFileReference; lastKnownFileType = file.storyboard; name = Base; path = Base.lproj/LaunchScreen.storyboard; sourceTree = "<group>"; };
		A4D7A2A92635478A008D3911 /* Info.plist */ = {isa = PBXFileReference; lastKnownFileType = text.plist.xml; path = Info.plist; sourceTree = "<group>"; };
		A4D7A2B626354A1B008D3911 /* GDPWindowManager.swift */ = {isa = PBXFileReference; fileEncoding = 4; lastKnownFileType = sourcecode.swift; path = GDPWindowManager.swift; sourceTree = "<group>"; };
/* End PBXFileReference section */

/* Begin PBXFrameworksBuildPhase section */
		A4D7A29526354789008D3911 /* Frameworks */ = {
			isa = PBXFrameworksBuildPhase;
			buildActionMask = 2147483647;
			files = (
			);
			runOnlyForDeploymentPostprocessing = 0;
		};
/* End PBXFrameworksBuildPhase section */

/* Begin PBXGroup section */
		A4D7A28F26354789008D3911 = {
			isa = PBXGroup;
			children = (
				A4D7A29A26354789008D3911 /* GDPKit-Swift */,
				A4D7A29926354789008D3911 /* Products */,
			);
			sourceTree = "<group>";
		};
		A4D7A29926354789008D3911 /* Products */ = {
			isa = PBXGroup;
			children = (
				A4D7A29826354789008D3911 /* GDPKit-Swift.app */,
			);
			name = Products;
			sourceTree = "<group>";
		};
		A4D7A29A26354789008D3911 /* GDPKit-Swift */ = {
			isa = PBXGroup;
			children = (
				A4D7A2B1263547D0008D3911 /* GDPKit-Swift */,
				A4D7A29B26354789008D3911 /* AppDelegate.swift */,
				A4D7A29D26354789008D3911 /* SceneDelegate.swift */,
				A4D7A29F26354789008D3911 /* ViewController.swift */,
				A4D7A2A126354789008D3911 /* Main.storyboard */,
				A4D7A2A42635478A008D3911 /* Assets.xcassets */,
				A4D7A2A62635478A008D3911 /* LaunchScreen.storyboard */,
				A4D7A2A92635478A008D3911 /* Info.plist */,
			);
			path = "GDPKit-Swift";
			sourceTree = "<group>";
		};
		A4D7A2B1263547D0008D3911 /* GDPKit-Swift */ = {
			isa = PBXGroup;
			children = (
				A4D7A2B626354A1B008D3911 /* GDPWindowManager.swift */,
			);
			path = "GDPKit-Swift";
			sourceTree = "<group>";
		};
/* End PBXGroup section */

/* Begin PBXNativeTarget section */
		A4D7A29726354789008D3911 /* GDPKit-Swift */ = {
			isa = PBXNativeTarget;
			buildConfigurationList = A4D7A2AC2635478A008D3911 /* Build configuration list for PBXNativeTarget "GDPKit-Swift" */;
			buildPhases = (
				A4D7A29426354789008D3911 /* Sources */,
				A4D7A29526354789008D3911 /* Frameworks */,
				A4D7A29626354789008D3911 /* Resources */,
			);
			buildRules = (
			);
			dependencies = (
			);
			name = "GDPKit-Swift";
			productName = "GDPKit-Swift";
			productReference = A4D7A29826354789008D3911 /* GDPKit-Swift.app */;
			productType = "com.apple.product-type.application";
		};
/* End PBXNativeTarget section */

/* Begin PBXProject section */
		A4D7A29026354789008D3911 /* Project object */ = {
			isa = PBXProject;
			attributes = {
				LastSwiftUpdateCheck = 1240;
				LastUpgradeCheck = 1240;
				TargetAttributes = {
					A4D7A29726354789008D3911 = {
						CreatedOnToolsVersion = 12.4;
					};
				};
			};
			buildConfigurationList = A4D7A29326354789008D3911 /* Build configuration list for PBXProject "GDPKit-Swift" */;
			compatibilityVersion = "Xcode 9.3";
			developmentRegion = en;
			hasScannedForEncodings = 0;
			knownRegions = (
				en,
				Base,
			);
			mainGroup = A4D7A28F26354789008D3911;
			productRefGroup = A4D7A29926354789008D3911 /* Products */;
			projectDirPath = "";
			projectRoot = "";
			targets = (
				A4D7A29726354789008D3911 /* GDPKit-Swift */,
			);
		};
/* End PBXProject section */

/* Begin PBXResourcesBuildPhase section */
		A4D7A29626354789008D3911 /* Resources */ = {
			isa = PBXResourcesBuildPhase;
			buildActionMask = 2147483647;
			files = (
				A4D7A2A82635478A008D3911 /* LaunchScreen.storyboard in Resources */,
				A4D7A2A52635478A008D3911 /* Assets.xcassets in Resources */,
				A4D7A2A326354789008D3911 /* Main.storyboard in Resources */,
			);
			runOnlyForDeploymentPostprocessing = 0;
		};
/* End PBXResourcesBuildPhase section */

/* Begin PBXSourcesBuildPhase section */
		A4D7A29426354789008D3911 /* Sources */ = {
			isa = PBXSourcesBuildPhase;
			buildActionMask = 2147483647;
			files = (
				A4D7A2A026354789008D3911 /* ViewController.swift in Sources */,
				A4D7A29C26354789008D3911 /* AppDelegate.swift in Sources */,
				A4D7A29E26354789008D3911 /* SceneDelegate.swift in Sources */,
				A4D7A2B726354A1B008D3911 /* GDPWindowManager.swift in Sources */,
			);
			runOnlyForDeploymentPostprocessing = 0;
		};
/* End PBXSourcesBuildPhase section */

/* Begin PBXVariantGroup section */
		A4D7A2A126354789008D3911 /* Main.storyboard */ = {
			isa = PBXVariantGroup;
			children = (
				A4D7A2A226354789008D3911 /* Base */,
			);
			name = Main.storyboard;
			sourceTree = "<group>";
		};
		A4D7A2A62635478A008D3911 /* LaunchScreen.storyboard */ = {
			isa = PBXVariantGroup;
			children = (
				A4D7A2A72635478A008D3911 /* Base */,
			);
			name = LaunchScreen.storyboard;
			sourceTree = "<group>";
		};
/* End PBXVariantGroup section */

/* Begin XCBuildConfiguration section */
		A4D7A2AA2635478A008D3911 /* Debug */ = {
			isa = XCBuildConfiguration;
			buildSettings = {
				ALWAYS_SEARCH_USER_PATHS = NO;
				CLANG_ANALYZER_NONNULL = YES;
				CLANG_ANALYZER_NUMBER_OBJECT_CONVERSION = YES_AGGRESSIVE;
				CLANG_CXX_LANGUAGE_STANDARD = "gnu++14";
				CLANG_CXX_LIBRARY = "libc++";
				CLANG_ENABLE_MODULES = YES;
				CLANG_ENABLE_OBJC_ARC = YES;
				CLANG_ENABLE_OBJC_WEAK = YES;
				CLANG_WARN_BLOCK_CAPTURE_AUTORELEASING = YES;
				CLANG_WARN_BOOL_CONVERSION = YES;
				CLANG_WARN_COMMA = YES;
				CLANG_WARN_CONSTANT_CONVERSION = YES;
				CLANG_WARN_DEPRECATED_OBJC_IMPLEMENTATIONS = YES;
				CLANG_WARN_DIRECT_OBJC_ISA_USAGE = YES_ERROR;
				CLANG_WARN_DOCUMENTATION_COMMENTS = YES;
				CLANG_WARN_EMPTY_BODY = YES;
				CLANG_WARN_ENUM_CONVERSION = YES;
				CLANG_WARN_INFINITE_RECURSION = YES;
				CLANG_WARN_INT_CONVERSION = YES;
				CLANG_WARN_NON_LITERAL_NULL_CONVERSION = YES;
				CLANG_WARN_OBJC_IMPLICIT_RETAIN_SELF = YES;
				CLANG_WARN_OBJC_LITERAL_CONVERSION = YES;
				CLANG_WARN_OBJC_ROOT_CLASS = YES_ERROR;
				CLANG_WARN_QUOTED_INCLUDE_IN_FRAMEWORK_HEADER = YES;
				CLANG_WARN_RANGE_LOOP_ANALYSIS = YES;
				CLANG_WARN_STRICT_PROTOTYPES = YES;
				CLANG_WARN_SUSPICIOUS_MOVE = YES;
				CLANG_WARN_UNGUARDED_AVAILABILITY = YES_AGGRESSIVE;
				CLANG_WARN_UNREACHABLE_CODE = YES;
				CLANG_WARN__DUPLICATE_METHOD_MATCH = YES;
				COPY_PHASE_STRIP = NO;
				DEBUG_INFORMATION_FORMAT = dwarf;
				ENABLE_STRICT_OBJC_MSGSEND = YES;
				ENABLE_TESTABILITY = YES;
				GCC_C_LANGUAGE_STANDARD = gnu11;
				GCC_DYNAMIC_NO_PIC = NO;
				GCC_NO_COMMON_BLOCKS = YES;
				GCC_OPTIMIZATION_LEVEL = 0;
				GCC_PREPROCESSOR_DEFINITIONS = (
					"DEBUG=1",
					"$(inherited)",
				);
				GCC_WARN_64_TO_32_BIT_CONVERSION = YES;
				GCC_WARN_ABOUT_RETURN_TYPE = YES_ERROR;
				GCC_WARN_UNDECLARED_SELECTOR = YES;
				GCC_WARN_UNINITIALIZED_AUTOS = YES_AGGRESSIVE;
				GCC_WARN_UNUSED_FUNCTION = YES;
				GCC_WARN_UNUSED_VARIABLE = YES;
				IPHONEOS_DEPLOYMENT_TARGET = 14.4;
				MTL_ENABLE_DEBUG_INFO = INCLUDE_SOURCE;
				MTL_FAST_MATH = YES;
				ONLY_ACTIVE_ARCH = YES;
				SDKROOT = iphoneos;
				SWIFT_ACTIVE_COMPILATION_CONDITIONS = DEBUG;
				SWIFT_OPTIMIZATION_LEVEL = "-Onone";
			};
			name = Debug;
		};
		A4D7A2AB2635478A008D3911 /* Release */ = {
			isa = XCBuildConfiguration;
			buildSettings = {
				ALWAYS_SEARCH_USER_PATHS = NO;
				CLANG_ANALYZER_NONNULL = YES;
				CLANG_ANALYZER_NUMBER_OBJECT_CONVERSION = YES_AGGRESSIVE;
				CLANG_CXX_LANGUAGE_STANDARD = "gnu++14";
				CLANG_CXX_LIBRARY = "libc++";
				CLANG_ENABLE_MODULES = YES;
				CLANG_ENABLE_OBJC_ARC = YES;
				CLANG_ENABLE_OBJC_WEAK = YES;
				CLANG_WARN_BLOCK_CAPTURE_AUTORELEASING = YES;
				CLANG_WARN_BOOL_CONVERSION = YES;
				CLANG_WARN_COMMA = YES;
				CLANG_WARN_CONSTANT_CONVERSION = YES;
				CLANG_WARN_DEPRECATED_OBJC_IMPLEMENTATIONS = YES;
				CLANG_WARN_DIRECT_OBJC_ISA_USAGE = YES_ERROR;
				CLANG_WARN_DOCUMENTATION_COMMENTS = YES;
				CLANG_WARN_EMPTY_BODY = YES;
				CLANG_WARN_ENUM_CONVERSION = YES;
				CLANG_WARN_INFINITE_RECURSION = YES;
				CLANG_WARN_INT_CONVERSION = YES;
				CLANG_WARN_NON_LITERAL_NULL_CONVERSION = YES;
				CLANG_WARN_OBJC_IMPLICIT_RETAIN_SELF = YES;
				CLANG_WARN_OBJC_LITERAL_CONVERSION = YES;
				CLANG_WARN_OBJC_ROOT_CLASS = YES_ERROR;
				CLANG_WARN_QUOTED_INCLUDE_IN_FRAMEWORK_HEADER = YES;
				CLANG_WARN_RANGE_LOOP_ANALYSIS = YES;
				CLANG_WARN_STRICT_PROTOTYPES = YES;
				CLANG_WARN_SUSPICIOUS_MOVE = YES;
				CLANG_WARN_UNGUARDED_AVAILABILITY = YES_AGGRESSIVE;
				CLANG_WARN_UNREACHABLE_CODE = YES;
				CLANG_WARN__DUPLICATE_METHOD_MATCH = YES;
				COPY_PHASE_STRIP = NO;
				DEBUG_INFORMATION_FORMAT = "dwarf-with-dsym";
				ENABLE_NS_ASSERTIONS = NO;
				ENABLE_STRICT_OBJC_MSGSEND = YES;
				GCC_C_LANGUAGE_STANDARD = gnu11;
				GCC_NO_COMMON_BLOCKS = YES;
				GCC_WARN_64_TO_32_BIT_CONVERSION = YES;
				GCC_WARN_ABOUT_RETURN_TYPE = YES_ERROR;
				GCC_WARN_UNDECLARED_SELECTOR = YES;
				GCC_WARN_UNINITIALIZED_AUTOS = YES_AGGRESSIVE;
				GCC_WARN_UNUSED_FUNCTION = YES;
				GCC_WARN_UNUSED_VARIABLE = YES;
				IPHONEOS_DEPLOYMENT_TARGET = 14.4;
				MTL_ENABLE_DEBUG_INFO = NO;
				MTL_FAST_MATH = YES;
				SDKROOT = iphoneos;
				SWIFT_COMPILATION_MODE = wholemodule;
				SWIFT_OPTIMIZATION_LEVEL = "-O";
				VALIDATE_PRODUCT = YES;
			};
			name = Release;
		};
		A4D7A2AD2635478A008D3911 /* Debug */ = {
			isa = XCBuildConfiguration;
			buildSettings = {
				ASSETCATALOG_COMPILER_APPICON_NAME = AppIcon;
				ASSETCATALOG_COMPILER_GLOBAL_ACCENT_COLOR_NAME = AccentColor;
				CODE_SIGN_STYLE = Automatic;
				DEVELOPMENT_TEAM = LSL9Y2Q8F4;
				INFOPLIST_FILE = "GDPKit-Swift/Info.plist";
				IPHONEOS_DEPLOYMENT_TARGET = 11.0;
				LD_RUNPATH_SEARCH_PATHS = (
					"$(inherited)",
					"@executable_path/Frameworks",
				);
				PRODUCT_BUNDLE_IDENTIFIER = "afea.GDPKit-Swift";
				PRODUCT_NAME = "$(TARGET_NAME)";
				SWIFT_VERSION = 5.0;
				TARGETED_DEVICE_FAMILY = "1,2";
			};
			name = Debug;
		};
		A4D7A2AE2635478A008D3911 /* Release */ = {
			isa = XCBuildConfiguration;
			buildSettings = {
				ASSETCATALOG_COMPILER_APPICON_NAME = AppIcon;
				ASSETCATALOG_COMPILER_GLOBAL_ACCENT_COLOR_NAME = AccentColor;
				CODE_SIGN_STYLE = Automatic;
				DEVELOPMENT_TEAM = LSL9Y2Q8F4;
				INFOPLIST_FILE = "GDPKit-Swift/Info.plist";
				IPHONEOS_DEPLOYMENT_TARGET = 11.0;
				LD_RUNPATH_SEARCH_PATHS = (
					"$(inherited)",
					"@executable_path/Frameworks",
				);
				PRODUCT_BUNDLE_IDENTIFIER = "afea.GDPKit-Swift";
				PRODUCT_NAME = "$(TARGET_NAME)";
				SWIFT_VERSION = 5.0;
				TARGETED_DEVICE_FAMILY = "1,2";
			};
			name = Release;
		};
/* End XCBuildConfiguration section */

/* Begin XCConfigurationList section */
		A4D7A29326354789008D3911 /* Build configuration list for PBXProject "GDPKit-Swift" */ = {
			isa = XCConfigurationList;
			buildConfigurations = (
				A4D7A2AA2635478A008D3911 /* Debug */,
				A4D7A2AB2635478A008D3911 /* Release */,
			);
			defaultConfigurationIsVisible = 0;
			defaultConfigurationName = Release;
		};
		A4D7A2AC2635478A008D3911 /* Build configuration list for PBXNativeTarget "GDPKit-Swift" */ = {
			isa = XCConfigurationList;
			buildConfigurations = (
				A4D7A2AD2635478A008D3911 /* Debug */,
				A4D7A2AE2635478A008D3911 /* Release */,
			);
			defaultConfigurationIsVisible = 0;
			defaultConfigurationName = Release;
		};
/* End XCConfigurationList section */
	};
	rootObject = A4D7A29026354789008D3911 /* Project object */;
}
